
Microsoft Visual Studio Solution File, Format Version 12.00
# Visual Studio Version 17
VisualStudioVersion = 17.14.37111.16
MinimumVisualStudioVersion = 10.0.40219.1
Project("{2150E333-8FDC-42A3-9474-1A3956D46DE8}") = "Services", "Services", "{02EA681E-C7D8-13C7-8484-4AC65E1B71E8}"
EndProject
Project("{2150E333-8FDC-42A3-9474-1A3956D46DE8}") = "Catalog", "Catalog", "{34D849F4-C009-46E2-982D-E51380CD35D5}"
EndProject
Project("{FAE04EC0-301F-11D3-BF4B-00C04F79EFBC}") = "EduPlatform.Services.Catalog", "Services\Catalog\EduPlatform.Services.Catalog\EduPlatform.Services.Catalog.csproj", "{232D3680-FD74-47F7-A817-71232E0BA7CF}"
EndProject
Project("{2150E333-8FDC-42A3-9474-1A3956D46DE8}") = "Solution Items", "Solution Items", "{8EC462FD-D22E-90A8-E5CE-7E832BA40C5D}"
	ProjectSection(SolutionItems) = preProject
		Requirements.txt = Requirements.txt
	EndProjectSection
EndProject
Project("{2150E333-8FDC-42A3-9474-1A3956D46DE8}") = "Shared", "Shared", "{0063A2A7-0C0B-4C67-8755-4258C091D24F}"
EndProject
Project("{FAE04EC0-301F-11D3-BF4B-00C04F79EFBC}") = "EduPlatform.Shared", "Shared\EduPlatform.Shared\EduPlatform.Shared.csproj", "{DCA3D48A-58B4-4CDD-9E8E-1AE462D87F8C}"
EndProject
Project("{2150E333-8FDC-42A3-9474-1A3956D46DE8}") = "IdentityServer", "IdentityServer", "{5ABB12A5-18CD-4C83-96E1-3B433148BCBA}"
EndProject
Project("{FAE04EC0-301F-11D3-BF4B-00C04F79EFBC}") = "EduPlatform.IdentityServer", "IdentityServer\EduPlatform.IdentityServer\EduPlatform.IdentityServer.csproj", "{311B21AB-39EC-2EB0-2C97-EB27120FA9E3}"
EndProject
Project("{2150E333-8FDC-42A3-9474-1A3956D46DE8}") = "PhotoStock", "PhotoStock", "{E5F372F2-8166-448B-A22C-79F2B8133535}"
EndProject
Project("{FAE04EC0-301F-11D3-BF4B-00C04F79EFBC}") = "EduPlatform.Services.PhotoStock", "Services\PhotoStock\EduPlatform.Services.PhotoStock\EduPlatform.Services.PhotoStock.csproj", "{8590233A-E719-4916-B442-5461AAFF87AB}"
EndProject
Project("{2150E333-8FDC-42A3-9474-1A3956D46DE8}") = "Basket", "Basket", "{4486676A-1D9B-4840-B603-DB4C70406061}"
EndProject
Project("{FAE04EC0-301F-11D3-BF4B-00C04F79EFBC}") = "EduPlatform.Services.Basket", "Services\Basket\EduPlatform.Services.Basket\EduPlatform.Services.Basket.csproj", "{B46C8785-56AC-476D-B7E3-1E996791B9E3}"
EndProject
Project("{2150E333-8FDC-42A3-9474-1A3956D46DE8}") = "Discount", "Discount", "{C6721DA2-9F8F-422E-BACB-811F6743AA89}"
EndProject
Project("{FAE04EC0-301F-11D3-BF4B-00C04F79EFBC}") = "EduPlatform.Services.Discount", "Services\Discount\EduPlatform.Services.Discount\EduPlatform.Services.Discount.csproj", "{26291514-587E-4DC9-998C-9159F5692768}"
EndProject
Project("{2150E333-8FDC-42A3-9474-1A3956D46DE8}") = "Order", "Order", "{8BA14051-E6DA-4097-BDD8-BA05809A337D}"
EndProject
Project("{2150E333-8FDC-42A3-9474-1A3956D46DE8}") = "Core", "Core", "{71B7EE73-67AB-415E-9088-70DD7438B608}"
EndProject
Project("{2150E333-8FDC-42A3-9474-1A3956D46DE8}") = "External", "External", "{E59D3BA8-F35B-4645-A933-4F854D439688}"
EndProject
Project("{2150E333-8FDC-42A3-9474-1A3956D46DE8}") = "Presentation", "Presentation", "{DCEA3865-EA11-41CE-84F2-91F9C56FF3F9}"
EndProject
Project("{FAE04EC0-301F-11D3-BF4B-00C04F79EFBC}") = "EduPlatform.Services.Order", "Services\Order\Presentation\EduPlatform.Services.Order\EduPlatform.Services.Order.csproj", "{6D57482B-0A39-470D-A79F-30F5BF510BF9}"
EndProject
Project("{FAE04EC0-301F-11D3-BF4B-00C04F79EFBC}") = "EduPlatform.Services.Order.Application", "Services\Order\Core\EduPlatform.Services.Order.Application\EduPlatform.Services.Order.Application.csproj", "{0BC2BFA9-F178-4F75-BFBF-1397F4BE635B}"
EndProject
Project("{FAE04EC0-301F-11D3-BF4B-00C04F79EFBC}") = "EduPlatform.Services.Order.Domain", "Services\Core\EduPlatform.Services.Order.Domain\EduPlatform.Services.Order.Domain.csproj", "{138AFE7E-4890-419F-9973-D2DF22D6AE00}"
EndProject
Project("{FAE04EC0-301F-11D3-BF4B-00C04F79EFBC}") = "EduPlatform.Services.Order.Infrastructure", "Services\External\EduPlatform.Services.Order.Infrastructure\EduPlatform.Services.Order.Infrastructure.csproj", "{124D6774-353A-4AF5-BA7F-7DFB30FE7DA9}"
EndProject
Global
	GlobalSection(SolutionConfigurationPlatforms) = preSolution
		Debug|Any CPU = Debug|Any CPU
		Release|Any CPU = Release|Any CPU
	EndGlobalSection
	GlobalSection(ProjectConfigurationPlatforms) = postSolution
		{232D3680-FD74-47F7-A817-71232E0BA7CF}.Debug|Any CPU.ActiveCfg = Debug|Any CPU
		{232D3680-FD74-47F7-A817-71232E0BA7CF}.Debug|Any CPU.Build.0 = Debug|Any CPU
		{232D3680-FD74-47F7-A817-71232E0BA7CF}.Release|Any CPU.ActiveCfg = Release|Any CPU
		{232D3680-FD74-47F7-A817-71232E0BA7CF}.Release|Any CPU.Build.0 = Release|Any CPU
		{DCA3D48A-58B4-4CDD-9E8E-1AE462D87F8C}.Debug|Any CPU.ActiveCfg = Debug|Any CPU
		{DCA3D48A-58B4-4CDD-9E8E-1AE462D87F8C}.Debug|Any CPU.Build.0 = Debug|Any CPU
		{DCA3D48A-58B4-4CDD-9E8E-1AE462D87F8C}.Release|Any CPU.ActiveCfg = Release|Any CPU
		{DCA3D48A-58B4-4CDD-9E8E-1AE462D87F8C}.Release|Any CPU.Build.0 = Release|Any CPU
		{311B21AB-39EC-2EB0-2C97-EB27120FA9E3}.Debug|Any CPU.ActiveCfg = Debug|Any CPU
		{311B21AB-39EC-2EB0-2C97-EB27120FA9E3}.Debug|Any CPU.Build.0 = Debug|Any CPU
		{311B21AB-39EC-2EB0-2C97-EB27120FA9E3}.Release|Any CPU.ActiveCfg = Release|Any CPU
		{311B21AB-39EC-2EB0-2C97-EB27120FA9E3}.Release|Any CPU.Build.0 = Release|Any CPU
		{8590233A-E719-4916-B442-5461AAFF87AB}.Debug|Any CPU.ActiveCfg = Debug|Any CPU
		{8590233A-E719-4916-B442-5461AAFF87AB}.Debug|Any CPU.Build.0 = Debug|Any CPU
		{8590233A-E719-4916-B442-5461AAFF87AB}.Release|Any CPU.ActiveCfg = Release|Any CPU
		{8590233A-E719-4916-B442-5461AAFF87AB}.Release|Any CPU.Build.0 = Release|Any CPU
		{B46C8785-56AC-476D-B7E3-1E996791B9E3}.Debug|Any CPU.ActiveCfg = Debug|Any CPU
		{B46C8785-56AC-476D-B7E3-1E996791B9E3}.Debug|Any CPU.Build.0 = Debug|Any CPU
		{B46C8785-56AC-476D-B7E3-1E996791B9E3}.Release|Any CPU.ActiveCfg = Release|Any CPU
		{B46C8785-56AC-476D-B7E3-1E996791B9E3}.Release|Any CPU.Build.0 = Release|Any CPU
		{26291514-587E-4DC9-998C-9159F5692768}.Debug|Any CPU.ActiveCfg = Debug|Any CPU
		{26291514-587E-4DC9-998C-9159F5692768}.Debug|Any CPU.Build.0 = Debug|Any CPU
		{26291514-587E-4DC9-998C-9159F5692768}.Release|Any CPU.ActiveCfg = Release|Any CPU
		{26291514-587E-4DC9-998C-9159F5692768}.Release|Any CPU.Build.0 = Release|Any CPU
		{6D57482B-0A39-470D-A79F-30F5BF510BF9}.Debug|Any CPU.ActiveCfg = Debug|Any CPU
		{6D57482B-0A39-470D-A79F-30F5BF510BF9}.Debug|Any CPU.Build.0 = Debug|Any CPU
		{6D57482B-0A39-470D-A79F-30F5BF510BF9}.Release|Any CPU.ActiveCfg = Release|Any CPU
		{6D57482B-0A39-470D-A79F-30F5BF510BF9}.Release|Any CPU.Build.0 = Release|Any CPU
		{0BC2BFA9-F178-4F75-BFBF-1397F4BE635B}.Debug|Any CPU.ActiveCfg = Debug|Any CPU
		{0BC2BFA9-F178-4F75-BFBF-1397F4BE635B}.Debug|Any CPU.Build.0 = Debug|Any CPU
		{0BC2BFA9-F178-4F75-BFBF-1397F4BE635B}.Release|Any CPU.ActiveCfg = Release|Any CPU
		{0BC2BFA9-F178-4F75-BFBF-1397F4BE635B}.Release|Any CPU.Build.0 = Release|Any CPU
		{138AFE7E-4890-419F-9973-D2DF22D6AE00}.Debug|Any CPU.ActiveCfg = Debug|Any CPU
		{138AFE7E-4890-419F-9973-D2DF22D6AE00}.Debug|Any CPU.Build.0 = Debug|Any CPU
		{138AFE7E-4890-419F-9973-D2DF22D6AE00}.Release|Any CPU.ActiveCfg = Release|Any CPU
		{138AFE7E-4890-419F-9973-D2DF22D6AE00}.Release|Any CPU.Build.0 = Release|Any CPU
		{124D6774-353A-4AF5-BA7F-7DFB30FE7DA9}.Debug|Any CPU.ActiveCfg = Debug|Any CPU
		{124D6774-353A-4AF5-BA7F-7DFB30FE7DA9}.Debug|Any CPU.Build.0 = Debug|Any CPU
		{124D6774-353A-4AF5-BA7F-7DFB30FE7DA9}.Release|Any CPU.ActiveCfg = Release|Any CPU
		{124D6774-353A-4AF5-BA7F-7DFB30FE7DA9}.Release|Any CPU.Build.0 = Release|Any CPU
	EndGlobalSection
	GlobalSection(SolutionProperties) = preSolution
		HideSolutionNode = FALSE
	EndGlobalSection
	GlobalSection(NestedProjects) = preSolution
		{34D849F4-C009-46E2-982D-E51380CD35D5} = {02EA681E-C7D8-13C7-8484-4AC65E1B71E8}
		{232D3680-FD74-47F7-A817-71232E0BA7CF} = {34D849F4-C009-46E2-982D-E51380CD35D5}
		{DCA3D48A-58B4-4CDD-9E8E-1AE462D87F8C} = {0063A2A7-0C0B-4C67-8755-4258C091D24F}
		{311B21AB-39EC-2EB0-2C97-EB27120FA9E3} = {5ABB12A5-18CD-4C83-96E1-3B433148BCBA}
		{E5F372F2-8166-448B-A22C-79F2B8133535} = {02EA681E-C7D8-13C7-8484-4AC65E1B71E8}
		{8590233A-E719-4916-B442-5461AAFF87AB} = {E5F372F2-8166-448B-A22C-79F2B8133535}
		{4486676A-1D9B-4840-B603-DB4C70406061} = {02EA681E-C7D8-13C7-8484-4AC65E1B71E8}
		{B46C8785-56AC-476D-B7E3-1E996791B9E3} = {4486676A-1D9B-4840-B603-DB4C70406061}
		{C6721DA2-9F8F-422E-BACB-811F6743AA89} = {02EA681E-C7D8-13C7-8484-4AC65E1B71E8}
		{26291514-587E-4DC9-998C-9159F5692768} = {C6721DA2-9F8F-422E-BACB-811F6743AA89}
		{8BA14051-E6DA-4097-BDD8-BA05809A337D} = {02EA681E-C7D8-13C7-8484-4AC65E1B71E8}
		{71B7EE73-67AB-415E-9088-70DD7438B608} = {8BA14051-E6DA-4097-BDD8-BA05809A337D}
		{E59D3BA8-F35B-4645-A933-4F854D439688} = {8BA14051-E6DA-4097-BDD8-BA05809A337D}
		{DCEA3865-EA11-41CE-84F2-91F9C56FF3F9} = {8BA14051-E6DA-4097-BDD8-BA05809A337D}
		{6D57482B-0A39-470D-A79F-30F5BF510BF9} = {DCEA3865-EA11-41CE-84F2-91F9C56FF3F9}
		{0BC2BFA9-F178-4F75-BFBF-1397F4BE635B} = {71B7EE73-67AB-415E-9088-70DD7438B608}
		{138AFE7E-4890-419F-9973-D2DF22D6AE00} = {71B7EE73-67AB-415E-9088-70DD7438B608}
		{124D6774-353A-4AF5-BA7F-7DFB30FE7DA9} = {E59D3BA8-F35B-4645-A933-4F854D439688}
	EndGlobalSection
	GlobalSection(ExtensibilityGlobals) = postSolution
		SolutionGuid = {53980792-0AD2-41FB-B479-3550358AD97E}
	EndGlobalSection
EndGlobal
